// !$*UTF8*$!
{
	archiveVersion = 1;
	classes = {
	};
	objectVersion = 55;
	objects = {

/* Begin PBXBuildFile section */
		37890989271F15A6002FA1CF /* SideMenu.swift in Sources */ = {isa = PBXBuildFile; fileRef = 37890988271F15A6002FA1CF /* SideMenu.swift */; };
		3789098B271F15C0002FA1CF /* Constant.swift in Sources */ = {isa = PBXBuildFile; fileRef = 3789098A271F15C0002FA1CF /* Constant.swift */; };
		37890999271F16F6002FA1CF /* LoginView.xib in Resources */ = {isa = PBXBuildFile; fileRef = 3789098F271F16F6002FA1CF /* LoginView.xib */; };
		3789099A271F16F6002FA1CF /* HeaderView.xib in Resources */ = {isa = PBXBuildFile; fileRef = 37890990271F16F6002FA1CF /* HeaderView.xib */; };
		3789099B271F16F6002FA1CF /* LoginView.swift in Sources */ = {isa = PBXBuildFile; fileRef = 37890991271F16F6002FA1CF /* LoginView.swift */; };
		3789099C271F16F6002FA1CF /* HeaderTitleCell.swift in Sources */ = {isa = PBXBuildFile; fileRef = 37890992271F16F6002FA1CF /* HeaderTitleCell.swift */; };
		3789099D271F16F6002FA1CF /* PasswordChangeView.swift in Sources */ = {isa = PBXBuildFile; fileRef = 37890993271F16F6002FA1CF /* PasswordChangeView.swift */; };
		3789099E271F16F6002FA1CF /* HeaderCell.swift in Sources */ = {isa = PBXBuildFile; fileRef = 37890994271F16F6002FA1CF /* HeaderCell.swift */; };
		3789099F271F16F6002FA1CF /* MenuCell.swift in Sources */ = {isa = PBXBuildFile; fileRef = 37890995271F16F6002FA1CF /* MenuCell.swift */; };
		378909A0271F16F6002FA1CF /* PasswordChangeView.xib in Resources */ = {isa = PBXBuildFile; fileRef = 37890996271F16F6002FA1CF /* PasswordChangeView.xib */; };
		378909A1271F16F6002FA1CF /* HeaderTitleCell.xib in Resources */ = {isa = PBXBuildFile; fileRef = 37890997271F16F6002FA1CF /* HeaderTitleCell.xib */; };
		378909A2271F16F7002FA1CF /* MenuCell.xib in Resources */ = {isa = PBXBuildFile; fileRef = 37890998271F16F6002FA1CF /* MenuCell.xib */; };
		37A28E84272091A100B419F0 /* TransitionButton.swift in Sources */ = {isa = PBXBuildFile; fileRef = 37A28E83272091A100B419F0 /* TransitionButton.swift */; };
		37A28E86272091E800B419F0 /* SniperLayer.swift in Sources */ = {isa = PBXBuildFile; fileRef = 37A28E85272091E800B419F0 /* SniperLayer.swift */; };
		37A28E882720944500B419F0 /* CreateFormController.swift in Sources */ = {isa = PBXBuildFile; fileRef = 37A28E872720944500B419F0 /* CreateFormController.swift */; };
		37A28E8A27209B8500B419F0 /* HistoryController.swift in Sources */ = {isa = PBXBuildFile; fileRef = 37A28E8927209B8500B419F0 /* HistoryController.swift */; };
		37A28E8C27209EE100B419F0 /* historyCell.swift in Sources */ = {isa = PBXBuildFile; fileRef = 37A28E8B27209EE100B419F0 /* historyCell.swift */; };
		37DF9851271DB0B800E8FB6E /* AppDelegate.swift in Sources */ = {isa = PBXBuildFile; fileRef = 37DF9850271DB0B800E8FB6E /* AppDelegate.swift */; };
		37DF9853271DB0B800E8FB6E /* SceneDelegate.swift in Sources */ = {isa = PBXBuildFile; fileRef = 37DF9852271DB0B800E8FB6E /* SceneDelegate.swift */; };
		37DF9855271DB0B800E8FB6E /* ViewController.swift in Sources */ = {isa = PBXBuildFile; fileRef = 37DF9854271DB0B800E8FB6E /* ViewController.swift */; };
		37DF9858271DB0B800E8FB6E /* Main.storyboard in Resources */ = {isa = PBXBuildFile; fileRef = 37DF9856271DB0B800E8FB6E /* Main.storyboard */; };
		37DF985A271DB0BC00E8FB6E /* Assets.xcassets in Resources */ = {isa = PBXBuildFile; fileRef = 37DF9859271DB0BC00E8FB6E /* Assets.xcassets */; };
		37DF985D271DB0BC00E8FB6E /* LaunchScreen.storyboard in Resources */ = {isa = PBXBuildFile; fileRef = 37DF985B271DB0BC00E8FB6E /* LaunchScreen.storyboard */; };
		ED7E6D42EAFAF05A7BB6E5CE /* Pods_StandAlone.framework in Frameworks */ = {isa = PBXBuildFile; fileRef = 084908B3C95E13CC7843C9BA /* Pods_StandAlone.framework */; };
/* End PBXBuildFile section */

/* Begin PBXFileReference section */
		084908B3C95E13CC7843C9BA /* Pods_StandAlone.framework */ = {isa = PBXFileReference; explicitFileType = wrapper.framework; includeInIndex = 0; path = Pods_StandAlone.framework; sourceTree = BUILT_PRODUCTS_DIR; };
		37890988271F15A6002FA1CF /* SideMenu.swift */ = {isa = PBXFileReference; fileEncoding = 4; lastKnownFileType = sourcecode.swift; path = SideMenu.swift; sourceTree = "<group>"; };
		3789098A271F15C0002FA1CF /* Constant.swift */ = {isa = PBXFileReference; fileEncoding = 4; lastKnownFileType = sourcecode.swift; path = Constant.swift; sourceTree = "<group>"; };
		3789098F271F16F6002FA1CF /* LoginView.xib */ = {isa = PBXFileReference; fileEncoding = 4; lastKnownFileType = file.xib; path = LoginView.xib; sourceTree = "<group>"; };
		37890990271F16F6002FA1CF /* HeaderView.xib */ = {isa = PBXFileReference; fileEncoding = 4; lastKnownFileType = file.xib; path = HeaderView.xib; sourceTree = "<group>"; };
		37890991271F16F6002FA1CF /* LoginView.swift */ = {isa = PBXFileReference; fileEncoding = 4; lastKnownFileType = sourcecode.swift; path = LoginView.swift; sourceTree = "<group>"; };
		37890992271F16F6002FA1CF /* HeaderTitleCell.swift */ = {isa = PBXFileReference; fileEncoding = 4; lastKnownFileType = sourcecode.swift; path = HeaderTitleCell.swift; sourceTree = "<group>"; };
		37890993271F16F6002FA1CF /* PasswordChangeView.swift */ = {isa = PBXFileReference; fileEncoding = 4; lastKnownFileType = sourcecode.swift; path = PasswordChangeView.swift; sourceTree = "<group>"; };
		37890994271F16F6002FA1CF /* HeaderCell.swift */ = {isa = PBXFileReference; fileEncoding = 4; lastKnownFileType = sourcecode.swift; path = HeaderCell.swift; sourceTree = "<group>"; };
		37890995271F16F6002FA1CF /* MenuCell.swift */ = {isa = PBXFileReference; fileEncoding = 4; lastKnownFileType = sourcecode.swift; path = MenuCell.swift; sourceTree = "<group>"; };
		37890996271F16F6002FA1CF /* PasswordChangeView.xib */ = {isa = PBXFileReference; fileEncoding = 4; lastKnownFileType = file.xib; path = PasswordChangeView.xib; sourceTree = "<group>"; };
		37890997271F16F6002FA1CF /* HeaderTitleCell.xib */ = {isa = PBXFileReference; fileEncoding = 4; lastKnownFileType = file.xib; path = HeaderTitleCell.xib; sourceTree = "<group>"; };
		37890998271F16F6002FA1CF /* MenuCell.xib */ = {isa = PBXFileReference; fileEncoding = 4; lastKnownFileType = file.xib; path = MenuCell.xib; sourceTree = "<group>"; };
		37A28E83272091A100B419F0 /* TransitionButton.swift */ = {isa = PBXFileReference; lastKnownFileType = sourcecode.swift; path = TransitionButton.swift; sourceTree = "<group>"; };
		37A28E85272091E800B419F0 /* SniperLayer.swift */ = {isa = PBXFileReference; lastKnownFileType = sourcecode.swift; path = SniperLayer.swift; sourceTree = "<group>"; };
		37A28E872720944500B419F0 /* CreateFormController.swift */ = {isa = PBXFileReference; lastKnownFileType = sourcecode.swift; path = CreateFormController.swift; sourceTree = "<group>"; };
		37A28E8927209B8500B419F0 /* HistoryController.swift */ = {isa = PBXFileReference; lastKnownFileType = sourcecode.swift; path = HistoryController.swift; sourceTree = "<group>"; };
		37A28E8B27209EE100B419F0 /* historyCell.swift */ = {isa = PBXFileReference; lastKnownFileType = sourcecode.swift; path = historyCell.swift; sourceTree = "<group>"; };
		37DF984D271DB0B800E8FB6E /* StandAlone.app */ = {isa = PBXFileReference; explicitFileType = wrapper.application; includeInIndex = 0; path = StandAlone.app; sourceTree = BUILT_PRODUCTS_DIR; };
		37DF9850271DB0B800E8FB6E /* AppDelegate.swift */ = {isa = PBXFileReference; lastKnownFileType = sourcecode.swift; path = AppDelegate.swift; sourceTree = "<group>"; };
		37DF9852271DB0B800E8FB6E /* SceneDelegate.swift */ = {isa = PBXFileReference; lastKnownFileType = sourcecode.swift; path = SceneDelegate.swift; sourceTree = "<group>"; };
		37DF9854271DB0B800E8FB6E /* ViewController.swift */ = {isa = PBXFileReference; lastKnownFileType = sourcecode.swift; path = ViewController.swift; sourceTree = "<group>"; };
		37DF9857271DB0B800E8FB6E /* Base */ = {isa = PBXFileReference; lastKnownFileType = file.storyboard; name = Base; path = Base.lproj/Main.storyboard; sourceTree = "<group>"; };
		37DF9859271DB0BC00E8FB6E /* Assets.xcassets */ = {isa = PBXFileReference; lastKnownFileType = folder.assetcatalog; path = Assets.xcassets; sourceTree = "<group>"; };
		37DF985C271DB0BC00E8FB6E /* Base */ = {isa = PBXFileReference; lastKnownFileType = file.storyboard; name = Base; path = Base.lproj/LaunchScreen.storyboard; sourceTree = "<group>"; };
		37DF985E271DB0BC00E8FB6E /* Info.plist */ = {isa = PBXFileReference; lastKnownFileType = text.plist.xml; path = Info.plist; sourceTree = "<group>"; };
		81A5ECA5CC8CB6043F247476 /* Pods-StandAlone.release.xcconfig */ = {isa = PBXFileReference; includeInIndex = 1; lastKnownFileType = text.xcconfig; name = "Pods-StandAlone.release.xcconfig"; path = "Target Support Files/Pods-StandAlone/Pods-StandAlone.release.xcconfig"; sourceTree = "<group>"; };
		F6E39EF926B006F73B2A086A /* Pods-StandAlone.debug.xcconfig */ = {isa = PBXFileReference; includeInIndex = 1; lastKnownFileType = text.xcconfig; name = "Pods-StandAlone.debug.xcconfig"; path = "Target Support Files/Pods-StandAlone/Pods-StandAlone.debug.xcconfig"; sourceTree = "<group>"; };
/* End PBXFileReference section */

/* Begin PBXFrameworksBuildPhase section */
		37DF984A271DB0B800E8FB6E /* Frameworks */ = {
			isa = PBXFrameworksBuildPhase;
			buildActionMask = 2147483647;
			files = (
				ED7E6D42EAFAF05A7BB6E5CE /* Pods_StandAlone.framework in Frameworks */,
			);
			runOnlyForDeploymentPostprocessing = 0;
		};
/* End PBXFrameworksBuildPhase section */

/* Begin PBXGroup section */
		2A0006C007AC062A536A4152 /* Frameworks */ = {
			isa = PBXGroup;
			children = (
				084908B3C95E13CC7843C9BA /* Pods_StandAlone.framework */,
			);
			name = Frameworks;
			sourceTree = "<group>";
		};
		3789098E271F16F6002FA1CF /* ReUseAble */ = {
			isa = PBXGroup;
			children = (
				3789098F271F16F6002FA1CF /* LoginView.xib */,
				37890990271F16F6002FA1CF /* HeaderView.xib */,
				37890991271F16F6002FA1CF /* LoginView.swift */,
				37890992271F16F6002FA1CF /* HeaderTitleCell.swift */,
				37890993271F16F6002FA1CF /* PasswordChangeView.swift */,
				37890994271F16F6002FA1CF /* HeaderCell.swift */,
				37890995271F16F6002FA1CF /* MenuCell.swift */,
				37890996271F16F6002FA1CF /* PasswordChangeView.xib */,
				37890997271F16F6002FA1CF /* HeaderTitleCell.xib */,
				37890998271F16F6002FA1CF /* MenuCell.xib */,
			);
			name = ReUseAble;
			path = "../../shady-pines-ios/MySideMenu/Base/ReUseAble";
			sourceTree = "<group>";
		};
		37DF9844271DB0B800E8FB6E = {
			isa = PBXGroup;
			children = (
				37DF984F271DB0B800E8FB6E /* StandAlone */,
				37DF984E271DB0B800E8FB6E /* Products */,
				B5B1C0A5EFA00F79E5988CDF /* Pods */,
				2A0006C007AC062A536A4152 /* Frameworks */,
			);
			sourceTree = "<group>";
		};
		37DF984E271DB0B800E8FB6E /* Products */ = {
			isa = PBXGroup;
			children = (
				37DF984D271DB0B800E8FB6E /* StandAlone.app */,
			);
			name = Products;
			sourceTree = "<group>";
		};
		37DF984F271DB0B800E8FB6E /* StandAlone */ = {
			isa = PBXGroup;
			children = (
				37DF9850271DB0B800E8FB6E /* AppDelegate.swift */,
				37DF9852271DB0B800E8FB6E /* SceneDelegate.swift */,
				37890988271F15A6002FA1CF /* SideMenu.swift */,
				37A28E8927209B8500B419F0 /* HistoryController.swift */,
				37A28E8B27209EE100B419F0 /* historyCell.swift */,
				37DF9854271DB0B800E8FB6E /* ViewController.swift */,
				37A28E83272091A100B419F0 /* TransitionButton.swift */,
				37A28E85272091E800B419F0 /* SniperLayer.swift */,
				37A28E872720944500B419F0 /* CreateFormController.swift */,
				3789098A271F15C0002FA1CF /* Constant.swift */,
				3789098E271F16F6002FA1CF /* ReUseAble */,
				37DF9856271DB0B800E8FB6E /* Main.storyboard */,
				37DF9859271DB0BC00E8FB6E /* Assets.xcassets */,
				37DF985B271DB0BC00E8FB6E /* LaunchScreen.storyboard */,
				37DF985E271DB0BC00E8FB6E /* Info.plist */,
			);
			path = StandAlone;
			sourceTree = "<group>";
		};
		B5B1C0A5EFA00F79E5988CDF /* Pods */ = {
			isa = PBXGroup;
			children = (
				F6E39EF926B006F73B2A086A /* Pods-StandAlone.debug.xcconfig */,
				81A5ECA5CC8CB6043F247476 /* Pods-StandAlone.release.xcconfig */,
			);
			path = Pods;
			sourceTree = "<group>";
		};
/* End PBXGroup section */

/* Begin PBXNativeTarget section */
		37DF984C271DB0B800E8FB6E /* StandAlone */ = {
			isa = PBXNativeTarget;
			buildConfigurationList = 37DF9861271DB0BC00E8FB6E /* Build configuration list for PBXNativeTarget "StandAlone" */;
			buildPhases = (
				DA2623E739D99B7C612B625E /* [CP] Check Pods Manifest.lock */,
				37DF9849271DB0B800E8FB6E /* Sources */,
				37DF984A271DB0B800E8FB6E /* Frameworks */,
				37DF984B271DB0B800E8FB6E /* Resources */,
				ECAFFFF68C7641212949770F /* [CP] Embed Pods Frameworks */,
			);
			buildRules = (
			);
			dependencies = (
			);
			name = StandAlone;
			productName = StandAlone;
			productReference = 37DF984D271DB0B800E8FB6E /* StandAlone.app */;
			productType = "com.apple.product-type.application";
		};
/* End PBXNativeTarget section */

/* Begin PBXProject section */
		37DF9845271DB0B800E8FB6E /* Project object */ = {
			isa = PBXProject;
			attributes = {
				BuildIndependentTargetsInParallel = 1;
				LastSwiftUpdateCheck = 1300;
				LastUpgradeCheck = 1300;
				TargetAttributes = {
					37DF984C271DB0B800E8FB6E = {
						CreatedOnToolsVersion = 13.0;
					};
				};
			};
			buildConfigurationList = 37DF9848271DB0B800E8FB6E /* Build configuration list for PBXProject "StandAlone" */;
			compatibilityVersion = "Xcode 13.0";
			developmentRegion = en;
			hasScannedForEncodings = 0;
			knownRegions = (
				en,
				Base,
			);
			mainGroup = 37DF9844271DB0B800E8FB6E;
			productRefGroup = 37DF984E271DB0B800E8FB6E /* Products */;
			projectDirPath = "";
			projectRoot = "";
			targets = (
				37DF984C271DB0B800E8FB6E /* StandAlone */,
			);
		};
/* End PBXProject section */

/* Begin PBXResourcesBuildPhase section */
		37DF984B271DB0B800E8FB6E /* Resources */ = {
			isa = PBXResourcesBuildPhase;
			buildActionMask = 2147483647;
			files = (
				37DF985D271DB0BC00E8FB6E /* LaunchScreen.storyboard in Resources */,
				378909A0271F16F6002FA1CF /* PasswordChangeView.xib in Resources */,
				378909A2271F16F7002FA1CF /* MenuCell.xib in Resources */,
				3789099A271F16F6002FA1CF /* HeaderView.xib in Resources */,
				37DF985A271DB0BC00E8FB6E /* Assets.xcassets in Resources */,
				37890999271F16F6002FA1CF /* LoginView.xib in Resources */,
				378909A1271F16F6002FA1CF /* HeaderTitleCell.xib in Resources */,
				37DF9858271DB0B800E8FB6E /* Main.storyboard in Resources */,
			);
			runOnlyForDeploymentPostprocessing = 0;
		};
/* End PBXResourcesBuildPhase section */

/* Begin PBXShellScriptBuildPhase section */
		DA2623E739D99B7C612B625E /* [CP] Check Pods Manifest.lock */ = {
			isa = PBXShellScriptBuildPhase;
			buildActionMask = 2147483647;
			files = (
			);
			inputFileListPaths = (
			);
			inputPaths = (
				"${PODS_PODFILE_DIR_PATH}/Podfile.lock",
				"${PODS_ROOT}/Manifest.lock",
			);
			name = "[CP] Check Pods Manifest.lock";
			outputFileListPaths = (
			);
			outputPaths = (
				"$(DERIVED_FILE_DIR)/Pods-StandAlone-checkManifestLockResult.txt",
			);
			runOnlyForDeploymentPostprocessing = 0;
			shellPath = /bin/sh;
			shellScript = "diff \"${PODS_PODFILE_DIR_PATH}/Podfile.lock\" \"${PODS_ROOT}/Manifest.lock\" > /dev/null\nif [ $? != 0 ] ; then\n    # print error to STDERR\n    echo \"error: The sandbox is not in sync with the Podfile.lock. Run 'pod install' or update your CocoaPods installation.\" >&2\n    exit 1\nfi\n# This output is used by Xcode 'outputs' to avoid re-running this script phase.\necho \"SUCCESS\" > \"${SCRIPT_OUTPUT_FILE_0}\"\n";
			showEnvVarsInLog = 0;
		};
		ECAFFFF68C7641212949770F /* [CP] Embed Pods Frameworks */ = {
			isa = PBXShellScriptBuildPhase;
			buildActionMask = 2147483647;
			files = (
			);
			inputFileListPaths = (
				"${PODS_ROOT}/Target Support Files/Pods-StandAlone/Pods-StandAlone-frameworks-${CONFIGURATION}-input-files.xcfilelist",
			);
			name = "[CP] Embed Pods Frameworks";
			outputFileListPaths = (
				"${PODS_ROOT}/Target Support Files/Pods-StandAlone/Pods-StandAlone-frameworks-${CONFIGURATION}-output-files.xcfilelist",
			);
			runOnlyForDeploymentPostprocessing = 0;
			shellPath = /bin/sh;
			shellScript = "\"${PODS_ROOT}/Target Support Files/Pods-StandAlone/Pods-StandAlone-frameworks.sh\"\n";
			showEnvVarsInLog = 0;
		};
/* End PBXShellScriptBuildPhase section */

/* Begin PBXSourcesBuildPhase section */
		37DF9849271DB0B800E8FB6E /* Sources */ = {
			isa = PBXSourcesBuildPhase;
			buildActionMask = 2147483647;
			files = (
				3789099B271F16F6002FA1CF /* LoginView.swift in Sources */,
				37DF9855271DB0B800E8FB6E /* ViewController.swift in Sources */,
				37A28E84272091A100B419F0 /* TransitionButton.swift in Sources */,
				37A28E8C27209EE100B419F0 /* historyCell.swift in Sources */,
				37A28E882720944500B419F0 /* CreateFormController.swift in Sources */,
				37DF9851271DB0B800E8FB6E /* AppDelegate.swift in Sources */,
				3789098B271F15C0002FA1CF /* Constant.swift in Sources */,
				3789099E271F16F6002FA1CF /* HeaderCell.swift in Sources */,
				3789099C271F16F6002FA1CF /* HeaderTitleCell.swift in Sources */,
				3789099F271F16F6002FA1CF /* MenuCell.swift in Sources */,
				37DF9853271DB0B800E8FB6E /* SceneDelegate.swift in Sources */,
				37A28E8A27209B8500B419F0 /* HistoryController.swift in Sources */,
				37890989271F15A6002FA1CF /* SideMenu.swift in Sources */,
				37A28E86272091E800B419F0 /* SniperLayer.swift in Sources */,
				3789099D271F16F6002FA1CF /* PasswordChangeView.swift in Sources */,
			);
			runOnlyForDeploymentPostprocessing = 0;
		};
/* End PBXSourcesBuildPhase section */

/* Begin PBXVariantGroup section */
		37DF9856271DB0B800E8FB6E /* Main.storyboard */ = {
			isa = PBXVariantGroup;
			children = (
				37DF9857271DB0B800E8FB6E /* Base */,
			);
			name = Main.storyboard;
			sourceTree = "<group>";
		};
		37DF985B271DB0BC00E8FB6E /* LaunchScreen.storyboard */ = {
			isa = PBXVariantGroup;
			children = (
				37DF985C271DB0BC00E8FB6E /* Base */,
			);
			name = LaunchScreen.storyboard;
			sourceTree = "<group>";
		};
/* End PBXVariantGroup section */

/* Begin XCBuildConfiguration section */
		37DF985F271DB0BC00E8FB6E /* Debug */ = {
			isa = XCBuildConfiguration;
			buildSettings = {
				ALWAYS_SEARCH_USER_PATHS = NO;
				CLANG_ANALYZER_NONNULL = YES;
				CLANG_ANALYZER_NUMBER_OBJECT_CONVERSION = YES_AGGRESSIVE;
				CLANG_CXX_LANGUAGE_STANDARD = "gnu++17";
				CLANG_CXX_LIBRARY = "libc++";
				CLANG_ENABLE_MODULES = YES;
				CLANG_ENABLE_OBJC_ARC = YES;
				CLANG_ENABLE_OBJC_WEAK = YES;
				CLANG_WARN_BLOCK_CAPTURE_AUTORELEASING = YES;
				CLANG_WARN_BOOL_CONVERSION = YES;
				CLANG_WARN_COMMA = YES;
				CLANG_WARN_CONSTANT_CONVERSION = YES;
				CLANG_WARN_DEPRECATED_OBJC_IMPLEMENTATIONS = YES;
				CLANG_WARN_DIRECT_OBJC_ISA_USAGE = YES_ERROR;
				CLANG_WARN_DOCUMENTATION_COMMENTS = YES;
				CLANG_WARN_EMPTY_BODY = YES;
				CLANG_WARN_ENUM_CONVERSION = YES;
				CLANG_WARN_INFINITE_RECURSION = YES;
				CLANG_WARN_INT_CONVERSION = YES;
				CLANG_WARN_NON_LITERAL_NULL_CONVERSION = YES;
				CLANG_WARN_OBJC_IMPLICIT_RETAIN_SELF = YES;
				CLANG_WARN_OBJC_LITERAL_CONVERSION = YES;
				CLANG_WARN_OBJC_ROOT_CLASS = YES_ERROR;
				CLANG_WARN_QUOTED_INCLUDE_IN_FRAMEWORK_HEADER = YES;
				CLANG_WARN_RANGE_LOOP_ANALYSIS = YES;
				CLANG_WARN_STRICT_PROTOTYPES = YES;
				CLANG_WARN_SUSPICIOUS_MOVE = YES;
				CLANG_WARN_UNGUARDED_AVAILABILITY = YES_AGGRESSIVE;
				CLANG_WARN_UNREACHABLE_CODE = YES;
				CLANG_WARN__DUPLICATE_METHOD_MATCH = YES;
				COPY_PHASE_STRIP = NO;
				DEBUG_INFORMATION_FORMAT = dwarf;
				ENABLE_STRICT_OBJC_MSGSEND = YES;
				ENABLE_TESTABILITY = YES;
				GCC_C_LANGUAGE_STANDARD = gnu11;
				GCC_DYNAMIC_NO_PIC = NO;
				GCC_NO_COMMON_BLOCKS = YES;
				GCC_OPTIMIZATION_LEVEL = 0;
				GCC_PREPROCESSOR_DEFINITIONS = (
					"DEBUG=1",
					"$(inherited)",
				);
				GCC_WARN_64_TO_32_BIT_CONVERSION = YES;
				GCC_WARN_ABOUT_RETURN_TYPE = YES_ERROR;
				GCC_WARN_UNDECLARED_SELECTOR = YES;
				GCC_WARN_UNINITIALIZED_AUTOS = YES_AGGRESSIVE;
				GCC_WARN_UNUSED_FUNCTION = YES;
				GCC_WARN_UNUSED_VARIABLE = YES;
				IPHONEOS_DEPLOYMENT_TARGET = 15.0;
				MTL_ENABLE_DEBUG_INFO = INCLUDE_SOURCE;
				MTL_FAST_MATH = YES;
				ONLY_ACTIVE_ARCH = YES;
				SDKROOT = iphoneos;
				SWIFT_ACTIVE_COMPILATION_CONDITIONS = DEBUG;
				SWIFT_OPTIMIZATION_LEVEL = "-Onone";
			};
			name = Debug;
		};
		37DF9860271DB0BC00E8FB6E /* Release */ = {
			isa = XCBuildConfiguration;
			buildSettings = {
				ALWAYS_SEARCH_USER_PATHS = NO;
				CLANG_ANALYZER_NONNULL = YES;
				CLANG_ANALYZER_NUMBER_OBJECT_CONVERSION = YES_AGGRESSIVE;
				CLANG_CXX_LANGUAGE_STANDARD = "gnu++17";
				CLANG_CXX_LIBRARY = "libc++";
				CLANG_ENABLE_MODULES = YES;
				CLANG_ENABLE_OBJC_ARC = YES;
				CLANG_ENABLE_OBJC_WEAK = YES;
				CLANG_WARN_BLOCK_CAPTURE_AUTORELEASING = YES;
				CLANG_WARN_BOOL_CONVERSION = YES;
				CLANG_WARN_COMMA = YES;
				CLANG_WARN_CONSTANT_CONVERSION = YES;
				CLANG_WARN_DEPRECATED_OBJC_IMPLEMENTATIONS = YES;
				CLANG_WARN_DIRECT_OBJC_ISA_USAGE = YES_ERROR;
				CLANG_WARN_DOCUMENTATION_COMMENTS = YES;
				CLANG_WARN_EMPTY_BODY = YES;
				CLANG_WARN_ENUM_CONVERSION = YES;
				CLANG_WARN_INFINITE_RECURSION = YES;
				CLANG_WARN_INT_CONVERSION = YES;
				CLANG_WARN_NON_LITERAL_NULL_CONVERSION = YES;
				CLANG_WARN_OBJC_IMPLICIT_RETAIN_SELF = YES;
				CLANG_WARN_OBJC_LITERAL_CONVERSION = YES;
				CLANG_WARN_OBJC_ROOT_CLASS = YES_ERROR;
				CLANG_WARN_QUOTED_INCLUDE_IN_FRAMEWORK_HEADER = YES;
				CLANG_WARN_RANGE_LOOP_ANALYSIS = YES;
				CLANG_WARN_STRICT_PROTOTYPES = YES;
				CLANG_WARN_SUSPICIOUS_MOVE = YES;
				CLANG_WARN_UNGUARDED_AVAILABILITY = YES_AGGRESSIVE;
				CLANG_WARN_UNREACHABLE_CODE = YES;
				CLANG_WARN__DUPLICATE_METHOD_MATCH = YES;
				COPY_PHASE_STRIP = NO;
				DEBUG_INFORMATION_FORMAT = "dwarf-with-dsym";
				ENABLE_NS_ASSERTIONS = NO;
				ENABLE_STRICT_OBJC_MSGSEND = YES;
				GCC_C_LANGUAGE_STANDARD = gnu11;
				GCC_NO_COMMON_BLOCKS = YES;
				GCC_WARN_64_TO_32_BIT_CONVERSION = YES;
				GCC_WARN_ABOUT_RETURN_TYPE = YES_ERROR;
				GCC_WARN_UNDECLARED_SELECTOR = YES;
				GCC_WARN_UNINITIALIZED_AUTOS = YES_AGGRESSIVE;
				GCC_WARN_UNUSED_FUNCTION = YES;
				GCC_WARN_UNUSED_VARIABLE = YES;
				IPHONEOS_DEPLOYMENT_TARGET = 15.0;
				MTL_ENABLE_DEBUG_INFO = NO;
				MTL_FAST_MATH = YES;
				SDKROOT = iphoneos;
				SWIFT_COMPILATION_MODE = wholemodule;
				SWIFT_OPTIMIZATION_LEVEL = "-O";
				VALIDATE_PRODUCT = YES;
			};
			name = Release;
		};
		37DF9862271DB0BC00E8FB6E /* Debug */ = {
			isa = XCBuildConfiguration;
			baseConfigurationReference = F6E39EF926B006F73B2A086A /* Pods-StandAlone.debug.xcconfig */;
			buildSettings = {
				ASSETCATALOG_COMPILER_APPICON_NAME = AppIcon;
				ASSETCATALOG_COMPILER_GLOBAL_ACCENT_COLOR_NAME = AccentColor;
				CODE_SIGN_STYLE = Automatic;
				CURRENT_PROJECT_VERSION = 1;
				GENERATE_INFOPLIST_FILE = YES;
				INFOPLIST_FILE = StandAlone/Info.plist;
				INFOPLIST_KEY_CFBundleDisplayName = "Stand Alone";
				INFOPLIST_KEY_UIApplicationSupportsIndirectInputEvents = YES;
				INFOPLIST_KEY_UILaunchStoryboardName = LaunchScreen;
				INFOPLIST_KEY_UIMainStoryboardFile = Main;
				INFOPLIST_KEY_UISupportedInterfaceOrientations_iPad = "UIInterfaceOrientationPortrait UIInterfaceOrientationPortraitUpsideDown UIInterfaceOrientationLandscapeLeft UIInterfaceOrientationLandscapeRight";
				INFOPLIST_KEY_UISupportedInterfaceOrientations_iPhone = "UIInterfaceOrientationPortrait UIInterfaceOrientationLandscapeLeft UIInterfaceOrientationLandscapeRight";
				LD_RUNPATH_SEARCH_PATHS = (
					"$(inherited)",
					"@executable_path/Frameworks",
				);
				MARKETING_VERSION = 1.0;
				PRODUCT_BUNDLE_IDENTIFIER = com.StandAlone;
				PRODUCT_NAME = "$(TARGET_NAME)";
				SWIFT_EMIT_LOC_STRINGS = YES;
				SWIFT_VERSION = 5.0;
				TARGETED_DEVICE_FAMILY = "1,2";
			};
			name = Debug;
		};
		37DF9863271DB0BC00E8FB6E /* Release */ = {
			isa = XCBuildConfiguration;
			baseConfigurationReference = 81A5ECA5CC8CB6043F247476 /* Pods-StandAlone.release.xcconfig */;
			buildSettings = {
				ASSETCATALOG_COMPILER_APPICON_NAME = AppIcon;
				ASSETCATALOG_COMPILER_GLOBAL_ACCENT_COLOR_NAME = AccentColor;
				CODE_SIGN_STYLE = Automatic;
				CURRENT_PROJECT_VERSION = 1;
				GENERATE_INFOPLIST_FILE = YES;
				INFOPLIST_FILE = StandAlone/Info.plist;
				INFOPLIST_KEY_CFBundleDisplayName = "Stand Alone";
				INFOPLIST_KEY_UIApplicationSupportsIndirectInputEvents = YES;
				INFOPLIST_KEY_UILaunchStoryboardName = LaunchScreen;
				INFOPLIST_KEY_UIMainStoryboardFile = Main;
				INFOPLIST_KEY_UISupportedInterfaceOrientations_iPad = "UIInterfaceOrientationPortrait UIInterfaceOrientationPortraitUpsideDown UIInterfaceOrientationLandscapeLeft UIInterfaceOrientationLandscapeRight";
				INFOPLIST_KEY_UISupportedInterfaceOrientations_iPhone = "UIInterfaceOrientationPortrait UIInterfaceOrientationLandscapeLeft UIInterfaceOrientationLandscapeRight";
				LD_RUNPATH_SEARCH_PATHS = (
					"$(inherited)",
					"@executable_path/Frameworks",
				);
				MARKETING_VERSION = 1.0;
				PRODUCT_BUNDLE_IDENTIFIER = com.StandAlone;
				PRODUCT_NAME = "$(TARGET_NAME)";
				SWIFT_EMIT_LOC_STRINGS = YES;
				SWIFT_VERSION = 5.0;
				TARGETED_DEVICE_FAMILY = "1,2";
			};
			name = Release;
		};
/* End XCBuildConfiguration section */

/* Begin XCConfigurationList section */
		37DF9848271DB0B800E8FB6E /* Build configuration list for PBXProject "StandAlone" */ = {
			isa = XCConfigurationList;
			buildConfigurations = (
				37DF985F271DB0BC00E8FB6E /* Debug */,
				37DF9860271DB0BC00E8FB6E /* Release */,
			);
			defaultConfigurationIsVisible = 0;
			defaultConfigurationName = Release;
		};
		37DF9861271DB0BC00E8FB6E /* Build configuration list for PBXNativeTarget "StandAlone" */ = {
			isa = XCConfigurationList;
			buildConfigurations = (
				37DF9862271DB0BC00E8FB6E /* Debug */,
				37DF9863271DB0BC00E8FB6E /* Release */,
			);
			defaultConfigurationIsVisible = 0;
			defaultConfigurationName = Release;
		};
/* End XCConfigurationList section */
	};
	rootObject = 37DF9845271DB0B800E8FB6E /* Project object */;
}
